
Microsoft Visual Studio Solution File, Format Version 12.00
# Visual Studio Version 16
VisualStudioVersion = 16.0.29521.150
MinimumVisualStudioVersion = 10.0.40219.1
Project("{FAE04EC0-301F-11D3-BF4B-00C04F79EFBC}") = "FileRemover", "FileRemover\FileRemover.csproj", "{0546D565-CC94-4670-87B3-FAD137D5460F}"
EndProject
Global
	GlobalSection(SolutionConfigurationPlatforms) = preSolution
		Debug|Any CPU = Debug|Any CPU
		Release|Any CPU = Release|Any CPU
	EndGlobalSection
	GlobalSection(ProjectConfigurationPlatforms) = postSolution
		{0546D565-CC94-4670-87B3-FAD137D5460F}.Debug|Any CPU.ActiveCfg = Debug|Any CPU
		{0546D565-CC94-4670-87B3-FAD137D5460F}.Debug|Any CPU.Build.0 = Debug|Any CPU
		{0546D565-CC94-4670-87B3-FAD137D5460F}.Release|Any CPU.ActiveCfg = Release|Any CPU
		{0546D565-CC94-4670-87B3-FAD137D5460F}.Release|Any CPU.Build.0 = Release|Any CPU
	EndGlobalSection
	GlobalSection(SolutionProperties) = preSolution
		HideSolutionNode = FALSE
	EndGlobalSection
	GlobalSection(ExtensibilityGlobals) = postSolution
		SolutionGuid = {09CDAFE2-8811-41D9-8A4A-717BA3BC4BC8}
	EndGlobalSection
EndGlobal
